Microsoft Visual Studio Solution File, Format Version 8.00
Project("{8BC9CEB8-8B4A-11D0-8D11-00A0C91BC942}") = "EasyBrowser", "EasyBrowser.vcproj", "{199C2618-C708-4199-9B1F-C64A89FEEF38}"
	ProjectSection(ProjectDependencies) = postProject
	EndProjectSection
EndProject
Global
	GlobalSection(SolutionConfiguration) = preSolution
		Debug = Debug
		Release = Release
	EndGlobalSection
	GlobalSection(ProjectConfiguration) = postSolution
		{199C2618-C708-4199-9B1F-C64A89FEEF38}.Debug.ActiveCfg = Debug|Win32
		{199C2618-C708-4199-9B1F-C64A89FEEF38}.Debug.Build.0 = Debug|Win32
		{199C2618-C708-4199-9B1F-C64A89FEEF38}.Release.ActiveCfg = Release|Win32
		{199C2618-C708-4199-9B1F-C64A89FEEF38}.Release.Build.0 = Release|Win32
	EndGlobalSection
	GlobalSection(ExtensibilityGlobals) = postSolution
	EndGlobalSection
	GlobalSection(ExtensibilityAddIns) = postSolution
	EndGlobalSection
EndGlobal
